
Microsoft Visual Studio Solution File, Format Version 12.00
# Visual Studio 14
VisualStudioVersion = 14.0.25420.1
MinimumVisualStudioVersion = 10.0.40219.1
Project("{2150E333-8FDC-42A3-9474-1A3956D46DE8}") = "src", "src", "{34C47938-8CCC-4E08-A371-1AFEDA57F7FC}"
EndProject
Project("{2150E333-8FDC-42A3-9474-1A3956D46DE8}") = "Solution Items", "Solution Items", "{AD996716-8E32-480F-A414-45C52F8D0D56}"
	ProjectSection(SolutionItems) = preProject
		global.json = global.json
	EndProjectSection
EndProject
Project("{8BB2217D-0F2D-49D1-97BC-3654ED321F3B}") = "ToDoList", "src\ToDoList\ToDoList.xproj", "{69D5C485-4B85-474F-A8E8-F61022C6B0F7}"
EndProject
Global
	GlobalSection(SolutionConfigurationPlatforms) = preSolution
		Debug|Any CPU = Debug|Any CPU
		Release|Any CPU = Release|Any CPU
	EndGlobalSection
	GlobalSection(ProjectConfigurationPlatforms) = postSolution
		{69D5C485-4B85-474F-A8E8-F61022C6B0F7}.Debug|Any CPU.ActiveCfg = Debug|Any CPU
		{69D5C485-4B85-474F-A8E8-F61022C6B0F7}.Debug|Any CPU.Build.0 = Debug|Any CPU
		{69D5C485-4B85-474F-A8E8-F61022C6B0F7}.Release|Any CPU.ActiveCfg = Release|Any CPU
		{69D5C485-4B85-474F-A8E8-F61022C6B0F7}.Release|Any CPU.Build.0 = Release|Any CPU
	EndGlobalSection
	GlobalSection(SolutionProperties) = preSolution
		HideSolutionNode = FALSE
	EndGlobalSection
	GlobalSection(NestedProjects) = preSolution
		{69D5C485-4B85-474F-A8E8-F61022C6B0F7} = {34C47938-8CCC-4E08-A371-1AFEDA57F7FC}
	EndGlobalSection
EndGlobal
